
Microsoft Visual Studio Solution File, Format Version 12.00
# Visual Studio 2013
VisualStudioVersion = 12.0.30723.0
MinimumVisualStudioVersion = 10.0.40219.1
Project("{FAE04EC0-301F-11D3-BF4B-00C04F79EFBC}") = "APP", "APP\APP.csproj", "{0038DC83-C374-44DB-AA8A-A6D16D0E7A94}"
EndProject
Project("{FAE04EC0-301F-11D3-BF4B-00C04F79EFBC}") = "Tests", "Tests\Tests.csproj", "{2E3DF5C2-8A38-4A03-86D7-8D463C917E47}"
EndProject
Global
	GlobalSection(SolutionConfigurationPlatforms) = preSolution
		Debug|Any CPU = Debug|Any CPU
		Debug|Mixed Platforms = Debug|Mixed Platforms
		Debug|x86 = Debug|x86
		Release|Any CPU = Release|Any CPU
		Release|Mixed Platforms = Release|Mixed Platforms
		Release|x86 = Release|x86
	EndGlobalSection
	GlobalSection(ProjectConfigurationPlatforms) = postSolution
		{0038DC83-C374-44DB-AA8A-A6D16D0E7A94}.Debug|Any CPU.ActiveCfg = Debug|Any CPU
		{0038DC83-C374-44DB-AA8A-A6D16D0E7A94}.Debug|Any CPU.Build.0 = Debug|Any CPU
		{0038DC83-C374-44DB-AA8A-A6D16D0E7A94}.Debug|Mixed Platforms.ActiveCfg = Debug|Any CPU
		{0038DC83-C374-44DB-AA8A-A6D16D0E7A94}.Debug|Mixed Platforms.Build.0 = Debug|Any CPU
		{0038DC83-C374-44DB-AA8A-A6D16D0E7A94}.Debug|x86.ActiveCfg = Debug|Any CPU
		{0038DC83-C374-44DB-AA8A-A6D16D0E7A94}.Release|Any CPU.ActiveCfg = Release|Any CPU
		{0038DC83-C374-44DB-AA8A-A6D16D0E7A94}.Release|Any CPU.Build.0 = Release|Any CPU
		{0038DC83-C374-44DB-AA8A-A6D16D0E7A94}.Release|Mixed Platforms.ActiveCfg = Release|Any CPU
		{0038DC83-C374-44DB-AA8A-A6D16D0E7A94}.Release|Mixed Platforms.Build.0 = Release|Any CPU
		{0038DC83-C374-44DB-AA8A-A6D16D0E7A94}.Release|x86.ActiveCfg = Release|Any CPU
		{2E3DF5C2-8A38-4A03-86D7-8D463C917E47}.Debug|Any CPU.ActiveCfg = Debug|Any CPU
		{2E3DF5C2-8A38-4A03-86D7-8D463C917E47}.Debug|Any CPU.Build.0 = Debug|Any CPU
		{2E3DF5C2-8A38-4A03-86D7-8D463C917E47}.Debug|Mixed Platforms.ActiveCfg = Debug|Any CPU
		{2E3DF5C2-8A38-4A03-86D7-8D463C917E47}.Debug|Mixed Platforms.Build.0 = Debug|Any CPU
		{2E3DF5C2-8A38-4A03-86D7-8D463C917E47}.Debug|x86.ActiveCfg = Debug|Any CPU
		{2E3DF5C2-8A38-4A03-86D7-8D463C917E47}.Release|Any CPU.ActiveCfg = Release|Any CPU
		{2E3DF5C2-8A38-4A03-86D7-8D463C917E47}.Release|Any CPU.Build.0 = Release|Any CPU
		{2E3DF5C2-8A38-4A03-86D7-8D463C917E47}.Release|Mixed Platforms.ActiveCfg = Release|Any CPU
		{2E3DF5C2-8A38-4A03-86D7-8D463C917E47}.Release|Mixed Platforms.Build.0 = Release|Any CPU
		{2E3DF5C2-8A38-4A03-86D7-8D463C917E47}.Release|x86.ActiveCfg = Release|Any CPU
	EndGlobalSection
	GlobalSection(SolutionProperties) = preSolution
		HideSolutionNode = FALSE
	EndGlobalSection
EndGlobal
